
Microsoft Visual Studio Solution File, Format Version 12.00
# Visual Studio 2012
Project("{FAE04EC0-301F-11D3-BF4B-00C04F79EFBC}") = "OptimusConsole", "OptimusConsole\OptimusConsole.csproj", "{D38DCB4E-79EA-4207-9E9F-5F6AD8364E0A}"
EndProject
Project("{FAE04EC0-301F-11D3-BF4B-00C04F79EFBC}") = "Optimus", "..\Optimus\Optimus\Optimus.csproj", "{565F9A3B-75D8-4A0D-AB9C-79EED251E6D7}"
EndProject
Project("{FAE04EC0-301F-11D3-BF4B-00C04F79EFBC}") = "Helpers", "..\..\..\GitHub\MoviePicker\Helpers\Helpers.csproj", "{94A0A9C7-198E-43FF-8CEC-2CFC46EFE211}"
EndProject
Global
	GlobalSection(SolutionConfigurationPlatforms) = preSolution
		Debug|Any CPU = Debug|Any CPU
		Release|Any CPU = Release|Any CPU
	EndGlobalSection
	GlobalSection(ProjectConfigurationPlatforms) = postSolution
		{D38DCB4E-79EA-4207-9E9F-5F6AD8364E0A}.Debug|Any CPU.ActiveCfg = Debug|Any CPU
		{D38DCB4E-79EA-4207-9E9F-5F6AD8364E0A}.Debug|Any CPU.Build.0 = Debug|Any CPU
		{D38DCB4E-79EA-4207-9E9F-5F6AD8364E0A}.Release|Any CPU.ActiveCfg = Release|Any CPU
		{D38DCB4E-79EA-4207-9E9F-5F6AD8364E0A}.Release|Any CPU.Build.0 = Release|Any CPU
		{565F9A3B-75D8-4A0D-AB9C-79EED251E6D7}.Debug|Any CPU.ActiveCfg = Debug|Any CPU
		{565F9A3B-75D8-4A0D-AB9C-79EED251E6D7}.Debug|Any CPU.Build.0 = Debug|Any CPU
		{565F9A3B-75D8-4A0D-AB9C-79EED251E6D7}.Release|Any CPU.ActiveCfg = Release|Any CPU
		{565F9A3B-75D8-4A0D-AB9C-79EED251E6D7}.Release|Any CPU.Build.0 = Release|Any CPU
		{94A0A9C7-198E-43FF-8CEC-2CFC46EFE211}.Debug|Any CPU.ActiveCfg = Debug|Any CPU
		{94A0A9C7-198E-43FF-8CEC-2CFC46EFE211}.Debug|Any CPU.Build.0 = Debug|Any CPU
		{94A0A9C7-198E-43FF-8CEC-2CFC46EFE211}.Release|Any CPU.ActiveCfg = Release|Any CPU
		{94A0A9C7-198E-43FF-8CEC-2CFC46EFE211}.Release|Any CPU.Build.0 = Release|Any CPU
	EndGlobalSection
	GlobalSection(SolutionProperties) = preSolution
		HideSolutionNode = FALSE
	EndGlobalSection
EndGlobal
